
Microsoft Visual Studio Solution File, Format Version 12.00
# Visual Studio Version 17
VisualStudioVersion = 17.2.32630.192
MinimumVisualStudioVersion = 10.0.40219.1
Project("{FAE04EC0-301F-11D3-BF4B-00C04F79EFBC}") = "GithubAPI_01", "GithubAPI_01\GithubAPI_01.csproj", "{429EB6D9-B8E0-457D-917D-7AD7DCCC58FF}"
EndProject
Global
	GlobalSection(SolutionConfigurationPlatforms) = preSolution
		Debug|Any CPU = Debug|Any CPU
		Release|Any CPU = Release|Any CPU
	EndGlobalSection
	GlobalSection(ProjectConfigurationPlatforms) = postSolution
		{429EB6D9-B8E0-457D-917D-7AD7DCCC58FF}.Debug|Any CPU.ActiveCfg = Debug|Any CPU
		{429EB6D9-B8E0-457D-917D-7AD7DCCC58FF}.Debug|Any CPU.Build.0 = Debug|Any CPU
		{429EB6D9-B8E0-457D-917D-7AD7DCCC58FF}.Release|Any CPU.ActiveCfg = Release|Any CPU
		{429EB6D9-B8E0-457D-917D-7AD7DCCC58FF}.Release|Any CPU.Build.0 = Release|Any CPU
	EndGlobalSection
	GlobalSection(SolutionProperties) = preSolution
		HideSolutionNode = FALSE
	EndGlobalSection
	GlobalSection(ExtensibilityGlobals) = postSolution
		SolutionGuid = {681D98E0-B644-43DF-B370-DA98CF21BC41}
	EndGlobalSection
EndGlobal
